
Microsoft Visual Studio Solution File, Format Version 12.00
# Visual Studio 14
VisualStudioVersion = 14.0.25420.1
MinimumVisualStudioVersion = 10.0.40219.1
Project("{2150E333-8FDC-42A3-9474-1A3956D46DE8}") = "Common", "Common", "{13FC27D0-31CB-495B-A516-9D9475C4598C}"
EndProject
Project("{FAE04EC0-301F-11D3-BF4B-00C04F79EFBC}") = "RUILI_LaneAgent", "RUILI_LaneAgent\RUILI_LaneAgent.csproj", "{6431C29A-F433-4DBF-887C-9DCA5915CF76}"
EndProject
Project("{FAE04EC0-301F-11D3-BF4B-00C04F79EFBC}") = "DataHanding", "Common\DataHanding\DataHanding.csproj", "{8EE3259A-91D2-4108-8E6F-EE53E0093EA9}"
EndProject
Project("{FAE04EC0-301F-11D3-BF4B-00C04F79EFBC}") = "HubClient", "Common\HubClient\HubClient.csproj", "{2AFC1651-6714-44EE-9B2C-32F0FB142ECE}"
EndProject
Project("{FAE04EC0-301F-11D3-BF4B-00C04F79EFBC}") = "JsonTree", "Common\JsonTree\JsonTree.csproj", "{E59B3001-8521-45E9-8F6D-B4258E56C1CC}"
EndProject
Project("{2150E333-8FDC-42A3-9474-1A3956D46DE8}") = "HardWare", "HardWare", "{54D1FD62-A099-4F6A-A10F-CF513D214DAF}"
EndProject
Project("{2150E333-8FDC-42A3-9474-1A3956D46DE8}") = "PLC", "PLC", "{DC42B46C-A604-4900-BA5B-F2B13EBC3993}"
EndProject
Project("{FAE04EC0-301F-11D3-BF4B-00C04F79EFBC}") = "PLC_DLL", "PLC_DLL\PLC_DLL.csproj", "{3BD0F8FF-51B2-444F-9AAB-800059AF4EAD}"
EndProject
Project("{2150E333-8FDC-42A3-9474-1A3956D46DE8}") = "Camera", "Camera", "{E7451464-60A9-4811-8E70-023DEB8D1218}"
EndProject
Project("{FAE04EC0-301F-11D3-BF4B-00C04F79EFBC}") = "Camera", "Camera\Camera.csproj", "{BD9411AE-CDE0-41D6-8854-2278A9DD90E7}"
EndProject
Project("{FAE04EC0-301F-11D3-BF4B-00C04F79EFBC}") = "NetSDKCS", "C:\Users\平方科技\Documents\Tencent Files\1844424344\FileRecv\pf_dhua_demo\pf_dhua_demo\NetSDKCS\NetSDKCS.csproj", "{F069D69C-4B04-4A50-8D93-8CD9F502AE00}"
EndProject
Global
	GlobalSection(SolutionConfigurationPlatforms) = preSolution
		Debug|Any CPU = Debug|Any CPU
		Release|Any CPU = Release|Any CPU
	EndGlobalSection
	GlobalSection(ProjectConfigurationPlatforms) = postSolution
		{6431C29A-F433-4DBF-887C-9DCA5915CF76}.Debug|Any CPU.ActiveCfg = Debug|Any CPU
		{6431C29A-F433-4DBF-887C-9DCA5915CF76}.Debug|Any CPU.Build.0 = Debug|Any CPU
		{6431C29A-F433-4DBF-887C-9DCA5915CF76}.Release|Any CPU.ActiveCfg = Release|Any CPU
		{6431C29A-F433-4DBF-887C-9DCA5915CF76}.Release|Any CPU.Build.0 = Release|Any CPU
		{8EE3259A-91D2-4108-8E6F-EE53E0093EA9}.Debug|Any CPU.ActiveCfg = Debug|Any CPU
		{8EE3259A-91D2-4108-8E6F-EE53E0093EA9}.Debug|Any CPU.Build.0 = Debug|Any CPU
		{8EE3259A-91D2-4108-8E6F-EE53E0093EA9}.Release|Any CPU.ActiveCfg = Release|Any CPU
		{8EE3259A-91D2-4108-8E6F-EE53E0093EA9}.Release|Any CPU.Build.0 = Release|Any CPU
		{2AFC1651-6714-44EE-9B2C-32F0FB142ECE}.Debug|Any CPU.ActiveCfg = Debug|Any CPU
		{2AFC1651-6714-44EE-9B2C-32F0FB142ECE}.Debug|Any CPU.Build.0 = Debug|Any CPU
		{2AFC1651-6714-44EE-9B2C-32F0FB142ECE}.Release|Any CPU.ActiveCfg = Release|Any CPU
		{2AFC1651-6714-44EE-9B2C-32F0FB142ECE}.Release|Any CPU.Build.0 = Release|Any CPU
		{E59B3001-8521-45E9-8F6D-B4258E56C1CC}.Debug|Any CPU.ActiveCfg = Debug|Any CPU
		{E59B3001-8521-45E9-8F6D-B4258E56C1CC}.Debug|Any CPU.Build.0 = Debug|Any CPU
		{E59B3001-8521-45E9-8F6D-B4258E56C1CC}.Release|Any CPU.ActiveCfg = Release|Any CPU
		{E59B3001-8521-45E9-8F6D-B4258E56C1CC}.Release|Any CPU.Build.0 = Release|Any CPU
		{3BD0F8FF-51B2-444F-9AAB-800059AF4EAD}.Debug|Any CPU.ActiveCfg = Debug|Any CPU
		{3BD0F8FF-51B2-444F-9AAB-800059AF4EAD}.Debug|Any CPU.Build.0 = Debug|Any CPU
		{3BD0F8FF-51B2-444F-9AAB-800059AF4EAD}.Release|Any CPU.ActiveCfg = Release|Any CPU
		{3BD0F8FF-51B2-444F-9AAB-800059AF4EAD}.Release|Any CPU.Build.0 = Release|Any CPU
		{BD9411AE-CDE0-41D6-8854-2278A9DD90E7}.Debug|Any CPU.ActiveCfg = Debug|Any CPU
		{BD9411AE-CDE0-41D6-8854-2278A9DD90E7}.Debug|Any CPU.Build.0 = Debug|Any CPU
		{BD9411AE-CDE0-41D6-8854-2278A9DD90E7}.Release|Any CPU.ActiveCfg = Release|Any CPU
		{BD9411AE-CDE0-41D6-8854-2278A9DD90E7}.Release|Any CPU.Build.0 = Release|Any CPU
		{F069D69C-4B04-4A50-8D93-8CD9F502AE00}.Debug|Any CPU.ActiveCfg = Debug|Any CPU
		{F069D69C-4B04-4A50-8D93-8CD9F502AE00}.Debug|Any CPU.Build.0 = Debug|Any CPU
		{F069D69C-4B04-4A50-8D93-8CD9F502AE00}.Release|Any CPU.ActiveCfg = Release|Any CPU
		{F069D69C-4B04-4A50-8D93-8CD9F502AE00}.Release|Any CPU.Build.0 = Release|Any CPU
	EndGlobalSection
	GlobalSection(SolutionProperties) = preSolution
		HideSolutionNode = FALSE
	EndGlobalSection
	GlobalSection(NestedProjects) = preSolution
		{8EE3259A-91D2-4108-8E6F-EE53E0093EA9} = {13FC27D0-31CB-495B-A516-9D9475C4598C}
		{2AFC1651-6714-44EE-9B2C-32F0FB142ECE} = {13FC27D0-31CB-495B-A516-9D9475C4598C}
		{E59B3001-8521-45E9-8F6D-B4258E56C1CC} = {13FC27D0-31CB-495B-A516-9D9475C4598C}
		{DC42B46C-A604-4900-BA5B-F2B13EBC3993} = {54D1FD62-A099-4F6A-A10F-CF513D214DAF}
		{3BD0F8FF-51B2-444F-9AAB-800059AF4EAD} = {DC42B46C-A604-4900-BA5B-F2B13EBC3993}
		{E7451464-60A9-4811-8E70-023DEB8D1218} = {54D1FD62-A099-4F6A-A10F-CF513D214DAF}
		{BD9411AE-CDE0-41D6-8854-2278A9DD90E7} = {E7451464-60A9-4811-8E70-023DEB8D1218}
		{F069D69C-4B04-4A50-8D93-8CD9F502AE00} = {E7451464-60A9-4811-8E70-023DEB8D1218}
	EndGlobalSection
EndGlobal
